// !$*UTF8*$!
{
	archiveVersion = 1;
	classes = {
	};
	objectVersion = 52;
	objects = {

/* Begin PBXBuildFile section */
		D7CB32F1250696E3004F36DB /* AppDelegate.swift in Sources */ = {isa = PBXBuildFile; fileRef = D7CB32F0250696E3004F36DB /* AppDelegate.swift */; };
		D7CB32FB250696E3004F36DB /* kupivodu.xcdatamodeld in Sources */ = {isa = PBXBuildFile; fileRef = D7CB32F9250696E3004F36DB /* kupivodu.xcdatamodeld */; };
		D7CB32FD250696E7004F36DB /* Assets.xcassets in Resources */ = {isa = PBXBuildFile; fileRef = D7CB32FC250696E7004F36DB /* Assets.xcassets */; };
		D7CB3300250696E7004F36DB /* LaunchScreen.storyboard in Resources */ = {isa = PBXBuildFile; fileRef = D7CB32FE250696E7004F36DB /* LaunchScreen.storyboard */; };
		D7CB3309250697E8004F36DB /* RxSwift in Frameworks */ = {isa = PBXBuildFile; productRef = D7CB3308250697E8004F36DB /* RxSwift */; };
		D7CB330B250697E8004F36DB /* RxCocoa in Frameworks */ = {isa = PBXBuildFile; productRef = D7CB330A250697E8004F36DB /* RxCocoa */; };
		D7CB330E25069816004F36DB /* SnapKit in Frameworks */ = {isa = PBXBuildFile; productRef = D7CB330D25069816004F36DB /* SnapKit */; };
		D7CB332025069C80004F36DB /* HouseListModuleAssembly.swift in Sources */ = {isa = PBXBuildFile; fileRef = D7CB331F25069C80004F36DB /* HouseListModuleAssembly.swift */; };
		D7CB332225069CBE004F36DB /* HouseListPresenter.swift in Sources */ = {isa = PBXBuildFile; fileRef = D7CB332125069CBE004F36DB /* HouseListPresenter.swift */; };
		D7CB332425069CD3004F36DB /* HouseListInteractor.swift in Sources */ = {isa = PBXBuildFile; fileRef = D7CB332325069CD3004F36DB /* HouseListInteractor.swift */; };
		D7CB332625069CE1004F36DB /* HouseListViewController.swift in Sources */ = {isa = PBXBuildFile; fileRef = D7CB332525069CE1004F36DB /* HouseListViewController.swift */; };
		D7CB332B25069F7B004F36DB /* HouseListInteractorProtocols.swift in Sources */ = {isa = PBXBuildFile; fileRef = D7CB332A25069F7B004F36DB /* HouseListInteractorProtocols.swift */; };
		D7CB332D25069F96004F36DB /* HouseListPresenterProtocols.swift in Sources */ = {isa = PBXBuildFile; fileRef = D7CB332C25069F96004F36DB /* HouseListPresenterProtocols.swift */; };
		D7CB332F2506A2C6004F36DB /* HouseListInteractorState.swift in Sources */ = {isa = PBXBuildFile; fileRef = D7CB332E2506A2C6004F36DB /* HouseListInteractorState.swift */; };
		D7CB33332506A373004F36DB /* HouseInfo.swift in Sources */ = {isa = PBXBuildFile; fileRef = D7CB33322506A373004F36DB /* HouseInfo.swift */; };
		D7CB33362506A3F8004F36DB /* HouseList.swift in Sources */ = {isa = PBXBuildFile; fileRef = D7CB33352506A3F8004F36DB /* HouseList.swift */; };
		D7CB333B2506B48F004F36DB /* HouseInfoCell.swift in Sources */ = {isa = PBXBuildFile; fileRef = D7CB333A2506B48F004F36DB /* HouseInfoCell.swift */; };
		D7CB333E2506C012004F36DB /* LoadingView.swift in Sources */ = {isa = PBXBuildFile; fileRef = D7CB333D2506C012004F36DB /* LoadingView.swift */; };
		D7CB33542506C38A004F36DB /* UrlProvider.swift in Sources */ = {isa = PBXBuildFile; fileRef = D7CB33432506C38A004F36DB /* UrlProvider.swift */; };
		D7CB33552506C38A004F36DB /* NetworkError.swift in Sources */ = {isa = PBXBuildFile; fileRef = D7CB33462506C38A004F36DB /* NetworkError.swift */; };
		D7CB33562506C38A004F36DB /* HTTPTask.swift in Sources */ = {isa = PBXBuildFile; fileRef = D7CB33482506C38A004F36DB /* HTTPTask.swift */; };
		D7CB33572506C38A004F36DB /* HTTPMethod.swift in Sources */ = {isa = PBXBuildFile; fileRef = D7CB33492506C38A004F36DB /* HTTPMethod.swift */; };
		D7CB33592506C38A004F36DB /* Endpoint.swift in Sources */ = {isa = PBXBuildFile; fileRef = D7CB334D2506C38A004F36DB /* Endpoint.swift */; };
		D7CB335A2506C38A004F36DB /* ParameterEncoder.swift in Sources */ = {isa = PBXBuildFile; fileRef = D7CB334F2506C38A004F36DB /* ParameterEncoder.swift */; };
		D7CB335B2506C38A004F36DB /* JSONResponseDecoder.swift in Sources */ = {isa = PBXBuildFile; fileRef = D7CB33512506C38A004F36DB /* JSONResponseDecoder.swift */; };
		D7CB335C2506C38A004F36DB /* JSONParameterEncoder.swift in Sources */ = {isa = PBXBuildFile; fileRef = D7CB33522506C38A004F36DB /* JSONParameterEncoder.swift */; };
		D7CB335D2506C38A004F36DB /* ResponseDecoder.swift in Sources */ = {isa = PBXBuildFile; fileRef = D7CB33532506C38A004F36DB /* ResponseDecoder.swift */; };
		D7CB33672506C3A5004F36DB /* NetworkServiceConfiguration+Defaults.swift in Sources */ = {isa = PBXBuildFile; fileRef = D7CB33602506C3A5004F36DB /* NetworkServiceConfiguration+Defaults.swift */; };
		D7CB33682506C3A5004F36DB /* NetworkServiceConfiguration.swift in Sources */ = {isa = PBXBuildFile; fileRef = D7CB33612506C3A5004F36DB /* NetworkServiceConfiguration.swift */; };
		D7CB33692506C3A5004F36DB /* NetworkService.swift in Sources */ = {isa = PBXBuildFile; fileRef = D7CB33622506C3A5004F36DB /* NetworkService.swift */; };
		D7CB336A2506C3A5004F36DB /* NetworkResponseValidator.swift in Sources */ = {isa = PBXBuildFile; fileRef = D7CB33652506C3A5004F36DB /* NetworkResponseValidator.swift */; };
		D7CB336B2506C3A5004F36DB /* BaseNetworkResponseValidator.swift in Sources */ = {isa = PBXBuildFile; fileRef = D7CB33662506C3A5004F36DB /* BaseNetworkResponseValidator.swift */; };
		D7CB336E2506C57B004F36DB /* HouseListResponse.swift in Sources */ = {isa = PBXBuildFile; fileRef = D7CB336D2506C57B004F36DB /* HouseListResponse.swift */; };
		D7CB33702506C7E9004F36DB /* HouseListEndpoint.swift in Sources */ = {isa = PBXBuildFile; fileRef = D7CB336F2506C7E9004F36DB /* HouseListEndpoint.swift */; };
		D7CB33732506CC66004F36DB /* HouseInfoService.swift in Sources */ = {isa = PBXBuildFile; fileRef = D7CB33722506CC66004F36DB /* HouseInfoService.swift */; };
		D7CB33772506CCCC004F36DB /* ArchiveHelper.swift in Sources */ = {isa = PBXBuildFile; fileRef = D7CB33762506CCCC004F36DB /* ArchiveHelper.swift */; };
		D7CB337A2506CE3F004F36DB /* Zip in Frameworks */ = {isa = PBXBuildFile; productRef = D7CB33792506CE3F004F36DB /* Zip */; };
		D7CB337D2506D9B3004F36DB /* KVError.swift in Sources */ = {isa = PBXBuildFile; fileRef = D7CB337C2506D9B3004F36DB /* KVError.swift */; };
		D7CB337F2506DD87004F36DB /* Localizable.strings in Resources */ = {isa = PBXBuildFile; fileRef = D7CB337E2506DD87004F36DB /* Localizable.strings */; };
		D7CB33822506DDD9004F36DB /* String+Localization.swift in Sources */ = {isa = PBXBuildFile; fileRef = D7CB33812506DDD9004F36DB /* String+Localization.swift */; };
		D7CB338E2506E1CF004F36DB /* String+Extensions.swift in Sources */ = {isa = PBXBuildFile; fileRef = D7CB338D2506E1CF004F36DB /* String+Extensions.swift */; };
		D7CB33912506E357004F36DB /* UIView+Extensions.swift in Sources */ = {isa = PBXBuildFile; fileRef = D7CB33902506E357004F36DB /* UIView+Extensions.swift */; };
		D7CB33932506E3CC004F36DB /* UIStackView+Extensions.swift in Sources */ = {isa = PBXBuildFile; fileRef = D7CB33922506E3CC004F36DB /* UIStackView+Extensions.swift */; };
		D7CB33972506E46F004F36DB /* CGFloat+Appearance.swift in Sources */ = {isa = PBXBuildFile; fileRef = D7CB33962506E46F004F36DB /* CGFloat+Appearance.swift */; };
		D7CB33992506E564004F36DB /* UILabel+Factory.swift in Sources */ = {isa = PBXBuildFile; fileRef = D7CB33982506E564004F36DB /* UILabel+Factory.swift */; };
		D7CB339B2506E5D9004F36DB /* UIFont+Extensions.swift in Sources */ = {isa = PBXBuildFile; fileRef = D7CB339A2506E5D9004F36DB /* UIFont+Extensions.swift */; };
		D7CB33A12506E95A004F36DB /* HouseInfo+Extensions.swift in Sources */ = {isa = PBXBuildFile; fileRef = D7CB33A02506E95A004F36DB /* HouseInfo+Extensions.swift */; };
		D7CB33A72506ED21004F36DB /* KVDateFormatter.swift in Sources */ = {isa = PBXBuildFile; fileRef = D7CB33A62506ED21004F36DB /* KVDateFormatter.swift */; };
/* End PBXBuildFile section */

/* Begin PBXFileReference section */
		D7CB32ED250696E3004F36DB /* kupivodu.app */ = {isa = PBXFileReference; explicitFileType = wrapper.application; includeInIndex = 0; path = kupivodu.app; sourceTree = BUILT_PRODUCTS_DIR; };
		D7CB32F0250696E3004F36DB /* AppDelegate.swift */ = {isa = PBXFileReference; lastKnownFileType = sourcecode.swift; path = AppDelegate.swift; sourceTree = "<group>"; };
		D7CB32FA250696E3004F36DB /* kupivodu.xcdatamodel */ = {isa = PBXFileReference; lastKnownFileType = wrapper.xcdatamodel; path = kupivodu.xcdatamodel; sourceTree = "<group>"; };
		D7CB32FC250696E7004F36DB /* Assets.xcassets */ = {isa = PBXFileReference; lastKnownFileType = folder.assetcatalog; path = Assets.xcassets; sourceTree = "<group>"; };
		D7CB32FF250696E7004F36DB /* Base */ = {isa = PBXFileReference; lastKnownFileType = file.storyboard; name = Base; path = Base.lproj/LaunchScreen.storyboard; sourceTree = "<group>"; };
		D7CB3301250696E7004F36DB /* Info.plist */ = {isa = PBXFileReference; lastKnownFileType = text.plist.xml; path = Info.plist; sourceTree = "<group>"; };
		D7CB331F25069C80004F36DB /* HouseListModuleAssembly.swift */ = {isa = PBXFileReference; lastKnownFileType = sourcecode.swift; path = HouseListModuleAssembly.swift; sourceTree = "<group>"; };
		D7CB332125069CBE004F36DB /* HouseListPresenter.swift */ = {isa = PBXFileReference; lastKnownFileType = sourcecode.swift; path = HouseListPresenter.swift; sourceTree = "<group>"; };
		D7CB332325069CD3004F36DB /* HouseListInteractor.swift */ = {isa = PBXFileReference; lastKnownFileType = sourcecode.swift; path = HouseListInteractor.swift; sourceTree = "<group>"; };
		D7CB332525069CE1004F36DB /* HouseListViewController.swift */ = {isa = PBXFileReference; lastKnownFileType = sourcecode.swift; path = HouseListViewController.swift; sourceTree = "<group>"; };
		D7CB332A25069F7B004F36DB /* HouseListInteractorProtocols.swift */ = {isa = PBXFileReference; lastKnownFileType = sourcecode.swift; path = HouseListInteractorProtocols.swift; sourceTree = "<group>"; };
		D7CB332C25069F96004F36DB /* HouseListPresenterProtocols.swift */ = {isa = PBXFileReference; lastKnownFileType = sourcecode.swift; path = HouseListPresenterProtocols.swift; sourceTree = "<group>"; };
		D7CB332E2506A2C6004F36DB /* HouseListInteractorState.swift */ = {isa = PBXFileReference; lastKnownFileType = sourcecode.swift; path = HouseListInteractorState.swift; sourceTree = "<group>"; };
		D7CB33322506A373004F36DB /* HouseInfo.swift */ = {isa = PBXFileReference; lastKnownFileType = sourcecode.swift; path = HouseInfo.swift; sourceTree = "<group>"; };
		D7CB33352506A3F8004F36DB /* HouseList.swift */ = {isa = PBXFileReference; lastKnownFileType = sourcecode.swift; path = HouseList.swift; sourceTree = "<group>"; };
		D7CB333A2506B48F004F36DB /* HouseInfoCell.swift */ = {isa = PBXFileReference; lastKnownFileType = sourcecode.swift; path = HouseInfoCell.swift; sourceTree = "<group>"; };
		D7CB333D2506C012004F36DB /* LoadingView.swift */ = {isa = PBXFileReference; lastKnownFileType = sourcecode.swift; path = LoadingView.swift; sourceTree = "<group>"; };
		D7CB33432506C38A004F36DB /* UrlProvider.swift */ = {isa = PBXFileReference; fileEncoding = 4; lastKnownFileType = sourcecode.swift; path = UrlProvider.swift; sourceTree = "<group>"; };
		D7CB33462506C38A004F36DB /* NetworkError.swift */ = {isa = PBXFileReference; fileEncoding = 4; lastKnownFileType = sourcecode.swift; path = NetworkError.swift; sourceTree = "<group>"; };
		D7CB33482506C38A004F36DB /* HTTPTask.swift */ = {isa = PBXFileReference; fileEncoding = 4; lastKnownFileType = sourcecode.swift; path = HTTPTask.swift; sourceTree = "<group>"; };
		D7CB33492506C38A004F36DB /* HTTPMethod.swift */ = {isa = PBXFileReference; fileEncoding = 4; lastKnownFileType = sourcecode.swift; path = HTTPMethod.swift; sourceTree = "<group>"; };
		D7CB334D2506C38A004F36DB /* Endpoint.swift */ = {isa = PBXFileReference; fileEncoding = 4; lastKnownFileType = sourcecode.swift; path = Endpoint.swift; sourceTree = "<group>"; };
		D7CB334F2506C38A004F36DB /* ParameterEncoder.swift */ = {isa = PBXFileReference; fileEncoding = 4; lastKnownFileType = sourcecode.swift; path = ParameterEncoder.swift; sourceTree = "<group>"; };
		D7CB33512506C38A004F36DB /* JSONResponseDecoder.swift */ = {isa = PBXFileReference; fileEncoding = 4; lastKnownFileType = sourcecode.swift; path = JSONResponseDecoder.swift; sourceTree = "<group>"; };
		D7CB33522506C38A004F36DB /* JSONParameterEncoder.swift */ = {isa = PBXFileReference; fileEncoding = 4; lastKnownFileType = sourcecode.swift; path = JSONParameterEncoder.swift; sourceTree = "<group>"; };
		D7CB33532506C38A004F36DB /* ResponseDecoder.swift */ = {isa = PBXFileReference; fileEncoding = 4; lastKnownFileType = sourcecode.swift; path = ResponseDecoder.swift; sourceTree = "<group>"; };
		D7CB33602506C3A5004F36DB /* NetworkServiceConfiguration+Defaults.swift */ = {isa = PBXFileReference; fileEncoding = 4; lastKnownFileType = sourcecode.swift; path = "NetworkServiceConfiguration+Defaults.swift"; sourceTree = "<group>"; };
		D7CB33612506C3A5004F36DB /* NetworkServiceConfiguration.swift */ = {isa = PBXFileReference; fileEncoding = 4; lastKnownFileType = sourcecode.swift; path = NetworkServiceConfiguration.swift; sourceTree = "<group>"; };
		D7CB33622506C3A5004F36DB /* NetworkService.swift */ = {isa = PBXFileReference; fileEncoding = 4; lastKnownFileType = sourcecode.swift; path = NetworkService.swift; sourceTree = "<group>"; };
		D7CB33652506C3A5004F36DB /* NetworkResponseValidator.swift */ = {isa = PBXFileReference; fileEncoding = 4; lastKnownFileType = sourcecode.swift; path = NetworkResponseValidator.swift; sourceTree = "<group>"; };
		D7CB33662506C3A5004F36DB /* BaseNetworkResponseValidator.swift */ = {isa = PBXFileReference; fileEncoding = 4; lastKnownFileType = sourcecode.swift; path = BaseNetworkResponseValidator.swift; sourceTree = "<group>"; };
		D7CB336D2506C57B004F36DB /* HouseListResponse.swift */ = {isa = PBXFileReference; lastKnownFileType = sourcecode.swift; path = HouseListResponse.swift; sourceTree = "<group>"; };
		D7CB336F2506C7E9004F36DB /* HouseListEndpoint.swift */ = {isa = PBXFileReference; fileEncoding = 4; lastKnownFileType = sourcecode.swift; path = HouseListEndpoint.swift; sourceTree = "<group>"; };
		D7CB33722506CC66004F36DB /* HouseInfoService.swift */ = {isa = PBXFileReference; lastKnownFileType = sourcecode.swift; path = HouseInfoService.swift; sourceTree = "<group>"; };
		D7CB33762506CCCC004F36DB /* ArchiveHelper.swift */ = {isa = PBXFileReference; lastKnownFileType = sourcecode.swift; path = ArchiveHelper.swift; sourceTree = "<group>"; };
		D7CB337C2506D9B3004F36DB /* KVError.swift */ = {isa = PBXFileReference; lastKnownFileType = sourcecode.swift; path = KVError.swift; sourceTree = "<group>"; };
		D7CB337E2506DD87004F36DB /* Localizable.strings */ = {isa = PBXFileReference; lastKnownFileType = text.plist.strings; path = Localizable.strings; sourceTree = "<group>"; };
		D7CB33812506DDD9004F36DB /* String+Localization.swift */ = {isa = PBXFileReference; lastKnownFileType = sourcecode.swift; path = "String+Localization.swift"; sourceTree = "<group>"; };
		D7CB338D2506E1CF004F36DB /* String+Extensions.swift */ = {isa = PBXFileReference; lastKnownFileType = sourcecode.swift; path = "String+Extensions.swift"; sourceTree = "<group>"; };
		D7CB33902506E357004F36DB /* UIView+Extensions.swift */ = {isa = PBXFileReference; lastKnownFileType = sourcecode.swift; path = "UIView+Extensions.swift"; sourceTree = "<group>"; };
		D7CB33922506E3CC004F36DB /* UIStackView+Extensions.swift */ = {isa = PBXFileReference; lastKnownFileType = sourcecode.swift; path = "UIStackView+Extensions.swift"; sourceTree = "<group>"; };
		D7CB33962506E46F004F36DB /* CGFloat+Appearance.swift */ = {isa = PBXFileReference; lastKnownFileType = sourcecode.swift; path = "CGFloat+Appearance.swift"; sourceTree = "<group>"; };
		D7CB33982506E564004F36DB /* UILabel+Factory.swift */ = {isa = PBXFileReference; lastKnownFileType = sourcecode.swift; path = "UILabel+Factory.swift"; sourceTree = "<group>"; };
		D7CB339A2506E5D9004F36DB /* UIFont+Extensions.swift */ = {isa = PBXFileReference; lastKnownFileType = sourcecode.swift; path = "UIFont+Extensions.swift"; sourceTree = "<group>"; };
		D7CB33A02506E95A004F36DB /* HouseInfo+Extensions.swift */ = {isa = PBXFileReference; lastKnownFileType = sourcecode.swift; path = "HouseInfo+Extensions.swift"; sourceTree = "<group>"; };
		D7CB33A62506ED21004F36DB /* KVDateFormatter.swift */ = {isa = PBXFileReference; lastKnownFileType = sourcecode.swift; path = KVDateFormatter.swift; sourceTree = "<group>"; };
/* End PBXFileReference section */

/* Begin PBXFrameworksBuildPhase section */
		D7CB32EA250696E3004F36DB /* Frameworks */ = {
			isa = PBXFrameworksBuildPhase;
			buildActionMask = 2147483647;
			files = (
				D7CB330E25069816004F36DB /* SnapKit in Frameworks */,
				D7CB330B250697E8004F36DB /* RxCocoa in Frameworks */,
				D7CB337A2506CE3F004F36DB /* Zip in Frameworks */,
				D7CB3309250697E8004F36DB /* RxSwift in Frameworks */,
			);
			runOnlyForDeploymentPostprocessing = 0;
		};
/* End PBXFrameworksBuildPhase section */

/* Begin PBXGroup section */
		D7CB32E4250696E3004F36DB = {
			isa = PBXGroup;
			children = (
				D7CB32EF250696E3004F36DB /* kupivodu */,
				D7CB32EE250696E3004F36DB /* Products */,
			);
			sourceTree = "<group>";
		};
		D7CB32EE250696E3004F36DB /* Products */ = {
			isa = PBXGroup;
			children = (
				D7CB32ED250696E3004F36DB /* kupivodu.app */,
			);
			name = Products;
			sourceTree = "<group>";
		};
		D7CB32EF250696E3004F36DB /* kupivodu */ = {
			isa = PBXGroup;
			children = (
				D7CB33942506E44E004F36DB /* Appearance */,
				D7CB338B2506E1BB004F36DB /* Extensions */,
				D7CB331525069979004F36DB /* ApplicationLayer */,
				D7CB330F25069938004F36DB /* PresentationLayer */,
				D7CB331025069943004F36DB /* ModelsLayer */,
				D7CB33412506C38A004F36DB /* NetworkLayer */,
				D7CB33112506994D004F36DB /* ServiceLayer */,
				D7CB331325069962004F36DB /* Resources */,
			);
			path = kupivodu;
			sourceTree = "<group>";
		};
		D7CB330F25069938004F36DB /* PresentationLayer */ = {
			isa = PBXGroup;
			children = (
				D7CB339D2506E5EA004F36DB /* Factories */,
				D7CB331825069B69004F36DB /* Modules */,
			);
			path = PresentationLayer;
			sourceTree = "<group>";
		};
		D7CB331025069943004F36DB /* ModelsLayer */ = {
			isa = PBXGroup;
			children = (
				D7CB339E2506E940004F36DB /* Extensions */,
				D7CB337B2506D99F004F36DB /* Errors */,
				D7CB336C2506C562004F36DB /* NetworkResponses */,
				D7CB33302506A32C004F36DB /* PlainObjects */,
				D7CB331225069956004F36DB /* CoreData */,
			);
			path = ModelsLayer;
			sourceTree = "<group>";
		};
		D7CB33112506994D004F36DB /* ServiceLayer */ = {
			isa = PBXGroup;
			children = (
				D7CB33742506CCB3004F36DB /* Helpers */,
				D7CB33712506CC57004F36DB /* HouseInfoService */,
				D7CB335E2506C3A5004F36DB /* NetworkService */,
			);
			path = ServiceLayer;
			sourceTree = "<group>";
		};
		D7CB331225069956004F36DB /* CoreData */ = {
			isa = PBXGroup;
			children = (
				D7CB32F9250696E3004F36DB /* kupivodu.xcdatamodeld */,
			);
			path = CoreData;
			sourceTree = "<group>";
		};
		D7CB331325069962004F36DB /* Resources */ = {
			isa = PBXGroup;
			children = (
				D7CB33802506DDAB004F36DB /* Extensions */,
				D7CB32FC250696E7004F36DB /* Assets.xcassets */,
				D7CB32FE250696E7004F36DB /* LaunchScreen.storyboard */,
				D7CB3301250696E7004F36DB /* Info.plist */,
				D7CB337E2506DD87004F36DB /* Localizable.strings */,
			);
			path = Resources;
			sourceTree = "<group>";
		};
		D7CB331525069979004F36DB /* ApplicationLayer */ = {
			isa = PBXGroup;
			children = (
				D7CB331625069980004F36DB /* AppDelegate */,
			);
			path = ApplicationLayer;
			sourceTree = "<group>";
		};
		D7CB331625069980004F36DB /* AppDelegate */ = {
			isa = PBXGroup;
			children = (
				D7CB32F0250696E3004F36DB /* AppDelegate.swift */,
			);
			path = AppDelegate;
			sourceTree = "<group>";
		};
		D7CB331825069B69004F36DB /* Modules */ = {
			isa = PBXGroup;
			children = (
				D7CB331A25069C3A004F36DB /* HouseList */,
			);
			path = Modules;
			sourceTree = "<group>";
		};
		D7CB331A25069C3A004F36DB /* HouseList */ = {
			isa = PBXGroup;
			children = (
				D7CB331B25069C4A004F36DB /* Assembly */,
				D7CB331E25069C62004F36DB /* Presenter */,
				D7CB331D25069C5C004F36DB /* Interactor */,
				D7CB331C25069C58004F36DB /* View */,
			);
			path = HouseList;
			sourceTree = "<group>";
		};
		D7CB331B25069C4A004F36DB /* Assembly */ = {
			isa = PBXGroup;
			children = (
				D7CB331F25069C80004F36DB /* HouseListModuleAssembly.swift */,
			);
			path = Assembly;
			sourceTree = "<group>";
		};
		D7CB331C25069C58004F36DB /* View */ = {
			isa = PBXGroup;
			children = (
				D7CB33372506B462004F36DB /* Subviews */,
				D7CB332525069CE1004F36DB /* HouseListViewController.swift */,
			);
			path = View;
			sourceTree = "<group>";
		};
		D7CB331D25069C5C004F36DB /* Interactor */ = {
			isa = PBXGroup;
			children = (
				D7CB33342506A3E6004F36DB /* Submodels */,
				D7CB332325069CD3004F36DB /* HouseListInteractor.swift */,
				D7CB332A25069F7B004F36DB /* HouseListInteractorProtocols.swift */,
				D7CB332E2506A2C6004F36DB /* HouseListInteractorState.swift */,
			);
			path = Interactor;
			sourceTree = "<group>";
		};
		D7CB331E25069C62004F36DB /* Presenter */ = {
			isa = PBXGroup;
			children = (
				D7CB332125069CBE004F36DB /* HouseListPresenter.swift */,
				D7CB332C25069F96004F36DB /* HouseListPresenterProtocols.swift */,
			);
			path = Presenter;
			sourceTree = "<group>";
		};
		D7CB33302506A32C004F36DB /* PlainObjects */ = {
			isa = PBXGroup;
			children = (
				D7CB33322506A373004F36DB /* HouseInfo.swift */,
			);
			path = PlainObjects;
			sourceTree = "<group>";
		};
		D7CB33342506A3E6004F36DB /* Submodels */ = {
			isa = PBXGroup;
			children = (
				D7CB33352506A3F8004F36DB /* HouseList.swift */,
			);
			path = Submodels;
			sourceTree = "<group>";
		};
		D7CB33372506B462004F36DB /* Subviews */ = {
			isa = PBXGroup;
			children = (
				D7CB333C2506C002004F36DB /* LoadingView */,
				D7CB33382506B46E004F36DB /* Cells */,
			);
			path = Subviews;
			sourceTree = "<group>";
		};
		D7CB33382506B46E004F36DB /* Cells */ = {
			isa = PBXGroup;
			children = (
				D7CB33392506B47D004F36DB /* HouseInfoCell */,
			);
			path = Cells;
			sourceTree = "<group>";
		};
		D7CB33392506B47D004F36DB /* HouseInfoCell */ = {
			isa = PBXGroup;
			children = (
				D7CB333A2506B48F004F36DB /* HouseInfoCell.swift */,
			);
			path = HouseInfoCell;
			sourceTree = "<group>";
		};
		D7CB333C2506C002004F36DB /* LoadingView */ = {
			isa = PBXGroup;
			children = (
				D7CB333D2506C012004F36DB /* LoadingView.swift */,
			);
			path = LoadingView;
			sourceTree = "<group>";
		};
		D7CB33412506C38A004F36DB /* NetworkLayer */ = {
			isa = PBXGroup;
			children = (
				D7CB33422506C38A004F36DB /* UrlProvider */,
				D7CB33442506C38A004F36DB /* ErrorHandling */,
				D7CB33472506C38A004F36DB /* HTTP */,
				D7CB334A2506C38A004F36DB /* Endpoint */,
				D7CB334E2506C38A004F36DB /* Coding */,
			);
			path = NetworkLayer;
			sourceTree = "<group>";
		};
		D7CB33422506C38A004F36DB /* UrlProvider */ = {
			isa = PBXGroup;
			children = (
				D7CB33432506C38A004F36DB /* UrlProvider.swift */,
			);
			path = UrlProvider;
			sourceTree = "<group>";
		};
		D7CB33442506C38A004F36DB /* ErrorHandling */ = {
			isa = PBXGroup;
			children = (
				D7CB33452506C38A004F36DB /* NetworkError */,
			);
			path = ErrorHandling;
			sourceTree = "<group>";
		};
		D7CB33452506C38A004F36DB /* NetworkError */ = {
			isa = PBXGroup;
			children = (
				D7CB33462506C38A004F36DB /* NetworkError.swift */,
			);
			path = NetworkError;
			sourceTree = "<group>";
		};
		D7CB33472506C38A004F36DB /* HTTP */ = {
			isa = PBXGroup;
			children = (
				D7CB33482506C38A004F36DB /* HTTPTask.swift */,
				D7CB33492506C38A004F36DB /* HTTPMethod.swift */,
			);
			path = HTTP;
			sourceTree = "<group>";
		};
		D7CB334A2506C38A004F36DB /* Endpoint */ = {
			isa = PBXGroup;
			children = (
				D7CB334B2506C38A004F36DB /* Endpoints */,
				D7CB334D2506C38A004F36DB /* Endpoint.swift */,
			);
			path = Endpoint;
			sourceTree = "<group>";
		};
		D7CB334B2506C38A004F36DB /* Endpoints */ = {
			isa = PBXGroup;
			children = (
				D7CB336F2506C7E9004F36DB /* HouseListEndpoint.swift */,
			);
			path = Endpoints;
			sourceTree = "<group>";
		};
		D7CB334E2506C38A004F36DB /* Coding */ = {
			isa = PBXGroup;
			children = (
				D7CB334F2506C38A004F36DB /* ParameterEncoder.swift */,
				D7CB33502506C38A004F36DB /* JSON */,
				D7CB33532506C38A004F36DB /* ResponseDecoder.swift */,
			);
			path = Coding;
			sourceTree = "<group>";
		};
		D7CB33502506C38A004F36DB /* JSON */ = {
			isa = PBXGroup;
			children = (
				D7CB33512506C38A004F36DB /* JSONResponseDecoder.swift */,
				D7CB33522506C38A004F36DB /* JSONParameterEncoder.swift */,
			);
			path = JSON;
			sourceTree = "<group>";
		};
		D7CB335E2506C3A5004F36DB /* NetworkService */ = {
			isa = PBXGroup;
			children = (
				D7CB335F2506C3A5004F36DB /* Configuration */,
				D7CB33632506C3A5004F36DB /* Validation */,
				D7CB33622506C3A5004F36DB /* NetworkService.swift */,
			);
			path = NetworkService;
			sourceTree = "<group>";
		};
		D7CB335F2506C3A5004F36DB /* Configuration */ = {
			isa = PBXGroup;
			children = (
				D7CB33602506C3A5004F36DB /* NetworkServiceConfiguration+Defaults.swift */,
				D7CB33612506C3A5004F36DB /* NetworkServiceConfiguration.swift */,
			);
			path = Configuration;
			sourceTree = "<group>";
		};
		D7CB33632506C3A5004F36DB /* Validation */ = {
			isa = PBXGroup;
			children = (
				D7CB33642506C3A5004F36DB /* NetworkResponseValidator */,
				D7CB33662506C3A5004F36DB /* BaseNetworkResponseValidator.swift */,
			);
			path = Validation;
			sourceTree = "<group>";
		};
		D7CB33642506C3A5004F36DB /* NetworkResponseValidator */ = {
			isa = PBXGroup;
			children = (
				D7CB33652506C3A5004F36DB /* NetworkResponseValidator.swift */,
			);
			path = NetworkResponseValidator;
			sourceTree = "<group>";
		};
		D7CB336C2506C562004F36DB /* NetworkResponses */ = {
			isa = PBXGroup;
			children = (
				D7CB336D2506C57B004F36DB /* HouseListResponse.swift */,
			);
			path = NetworkResponses;
			sourceTree = "<group>";
		};
		D7CB33712506CC57004F36DB /* HouseInfoService */ = {
			isa = PBXGroup;
			children = (
				D7CB33722506CC66004F36DB /* HouseInfoService.swift */,
			);
			path = HouseInfoService;
			sourceTree = "<group>";
		};
		D7CB33742506CCB3004F36DB /* Helpers */ = {
			isa = PBXGroup;
			children = (
				D7CB33A22506EC4C004F36DB /* Formatters */,
				D7CB33752506CCBD004F36DB /* ArchiveHelper */,
			);
			path = Helpers;
			sourceTree = "<group>";
		};
		D7CB33752506CCBD004F36DB /* ArchiveHelper */ = {
			isa = PBXGroup;
			children = (
				D7CB33762506CCCC004F36DB /* ArchiveHelper.swift */,
			);
			path = ArchiveHelper;
			sourceTree = "<group>";
		};
		D7CB337B2506D99F004F36DB /* Errors */ = {
			isa = PBXGroup;
			children = (
				D7CB337C2506D9B3004F36DB /* KVError.swift */,
			);
			path = Errors;
			sourceTree = "<group>";
		};
		D7CB33802506DDAB004F36DB /* Extensions */ = {
			isa = PBXGroup;
			children = (
				D7CB33812506DDD9004F36DB /* String+Localization.swift */,
			);
			path = Extensions;
			sourceTree = "<group>";
		};
		D7CB338B2506E1BB004F36DB /* Extensions */ = {
			isa = PBXGroup;
			children = (
				D7CB338F2506E345004F36DB /* UIKit */,
				D7CB338C2506E1C4004F36DB /* Swift */,
			);
			path = Extensions;
			sourceTree = "<group>";
		};
		D7CB338C2506E1C4004F36DB /* Swift */ = {
			isa = PBXGroup;
			children = (
				D7CB338D2506E1CF004F36DB /* String+Extensions.swift */,
			);
			path = Swift;
			sourceTree = "<group>";
		};
		D7CB338F2506E345004F36DB /* UIKit */ = {
			isa = PBXGroup;
			children = (
				D7CB33902506E357004F36DB /* UIView+Extensions.swift */,
				D7CB33922506E3CC004F36DB /* UIStackView+Extensions.swift */,
			);
			path = UIKit;
			sourceTree = "<group>";
		};
		D7CB33942506E44E004F36DB /* Appearance */ = {
			isa = PBXGroup;
			children = (
				D7CB33952506E45F004F36DB /* Constants */,
				D7CB339A2506E5D9004F36DB /* UIFont+Extensions.swift */,
			);
			path = Appearance;
			sourceTree = "<group>";
		};
		D7CB33952506E45F004F36DB /* Constants */ = {
			isa = PBXGroup;
			children = (
				D7CB33962506E46F004F36DB /* CGFloat+Appearance.swift */,
			);
			path = Constants;
			sourceTree = "<group>";
		};
		D7CB339D2506E5EA004F36DB /* Factories */ = {
			isa = PBXGroup;
			children = (
				D7CB33982506E564004F36DB /* UILabel+Factory.swift */,
			);
			path = Factories;
			sourceTree = "<group>";
		};
		D7CB339E2506E940004F36DB /* Extensions */ = {
			isa = PBXGroup;
			children = (
				D7CB339F2506E949004F36DB /* PlainObjects */,
			);
			path = Extensions;
			sourceTree = "<group>";
		};
		D7CB339F2506E949004F36DB /* PlainObjects */ = {
			isa = PBXGroup;
			children = (
				D7CB33A02506E95A004F36DB /* HouseInfo+Extensions.swift */,
			);
			path = PlainObjects;
			sourceTree = "<group>";
		};
		D7CB33A22506EC4C004F36DB /* Formatters */ = {
			isa = PBXGroup;
			children = (
				D7CB33A32506EC57004F36DB /* DateFormatter */,
			);
			path = Formatters;
			sourceTree = "<group>";
		};
		D7CB33A32506EC57004F36DB /* DateFormatter */ = {
			isa = PBXGroup;
			children = (
				D7CB33A62506ED21004F36DB /* KVDateFormatter.swift */,
			);
			path = DateFormatter;
			sourceTree = "<group>";
		};
/* End PBXGroup section */

/* Begin PBXNativeTarget section */
		D7CB32EC250696E3004F36DB /* kupivodu */ = {
			isa = PBXNativeTarget;
			buildConfigurationList = D7CB3304250696E8004F36DB /* Build configuration list for PBXNativeTarget "kupivodu" */;
			buildPhases = (
				D7CB32E9250696E3004F36DB /* Sources */,
				D7CB32EA250696E3004F36DB /* Frameworks */,
				D7CB32EB250696E3004F36DB /* Resources */,
			);
			buildRules = (
			);
			dependencies = (
			);
			name = kupivodu;
			packageProductDependencies = (
				D7CB3308250697E8004F36DB /* RxSwift */,
				D7CB330A250697E8004F36DB /* RxCocoa */,
				D7CB330D25069816004F36DB /* SnapKit */,
				D7CB33792506CE3F004F36DB /* Zip */,
			);
			productName = kupivodu;
			productReference = D7CB32ED250696E3004F36DB /* kupivodu.app */;
			productType = "com.apple.product-type.application";
		};
/* End PBXNativeTarget section */

/* Begin PBXProject section */
		D7CB32E5250696E3004F36DB /* Project object */ = {
			isa = PBXProject;
			attributes = {
				LastSwiftUpdateCheck = 1150;
				LastUpgradeCheck = 1150;
				ORGANIZATIONNAME = "Vitaliy Salnikov";
				TargetAttributes = {
					D7CB32EC250696E3004F36DB = {
						CreatedOnToolsVersion = 11.5;
					};
				};
			};
			buildConfigurationList = D7CB32E8250696E3004F36DB /* Build configuration list for PBXProject "kupivodu" */;
			compatibilityVersion = "Xcode 9.3";
			developmentRegion = en;
			hasScannedForEncodings = 0;
			knownRegions = (
				en,
				Base,
			);
			mainGroup = D7CB32E4250696E3004F36DB;
			packageReferences = (
				D7CB3307250697E8004F36DB /* XCRemoteSwiftPackageReference "RxSwift" */,
				D7CB330C25069816004F36DB /* XCRemoteSwiftPackageReference "SnapKit" */,
				D7CB33782506CE3F004F36DB /* XCRemoteSwiftPackageReference "Zip" */,
			);
			productRefGroup = D7CB32EE250696E3004F36DB /* Products */;
			projectDirPath = "";
			projectRoot = "";
			targets = (
				D7CB32EC250696E3004F36DB /* kupivodu */,
			);
		};
/* End PBXProject section */

/* Begin PBXResourcesBuildPhase section */
		D7CB32EB250696E3004F36DB /* Resources */ = {
			isa = PBXResourcesBuildPhase;
			buildActionMask = 2147483647;
			files = (
				D7CB3300250696E7004F36DB /* LaunchScreen.storyboard in Resources */,
				D7CB337F2506DD87004F36DB /* Localizable.strings in Resources */,
				D7CB32FD250696E7004F36DB /* Assets.xcassets in Resources */,
			);
			runOnlyForDeploymentPostprocessing = 0;
		};
/* End PBXResourcesBuildPhase section */

/* Begin PBXSourcesBuildPhase section */
		D7CB32E9250696E3004F36DB /* Sources */ = {
			isa = PBXSourcesBuildPhase;
			buildActionMask = 2147483647;
			files = (
				D7CB33332506A373004F36DB /* HouseInfo.swift in Sources */,
				D7CB32FB250696E3004F36DB /* kupivodu.xcdatamodeld in Sources */,
				D7CB333B2506B48F004F36DB /* HouseInfoCell.swift in Sources */,
				D7CB33672506C3A5004F36DB /* NetworkServiceConfiguration+Defaults.swift in Sources */,
				D7CB332B25069F7B004F36DB /* HouseListInteractorProtocols.swift in Sources */,
				D7CB335C2506C38A004F36DB /* JSONParameterEncoder.swift in Sources */,
				D7CB332425069CD3004F36DB /* HouseListInteractor.swift in Sources */,
				D7CB33912506E357004F36DB /* UIView+Extensions.swift in Sources */,
				D7CB332F2506A2C6004F36DB /* HouseListInteractorState.swift in Sources */,
				D7CB33932506E3CC004F36DB /* UIStackView+Extensions.swift in Sources */,
				D7CB339B2506E5D9004F36DB /* UIFont+Extensions.swift in Sources */,
				D7CB33772506CCCC004F36DB /* ArchiveHelper.swift in Sources */,
				D7CB33992506E564004F36DB /* UILabel+Factory.swift in Sources */,
				D7CB332D25069F96004F36DB /* HouseListPresenterProtocols.swift in Sources */,
				D7CB332025069C80004F36DB /* HouseListModuleAssembly.swift in Sources */,
				D7CB33702506C7E9004F36DB /* HouseListEndpoint.swift in Sources */,
				D7CB33A12506E95A004F36DB /* HouseInfo+Extensions.swift in Sources */,
				D7CB338E2506E1CF004F36DB /* String+Extensions.swift in Sources */,
				D7CB33822506DDD9004F36DB /* String+Localization.swift in Sources */,
				D7CB332225069CBE004F36DB /* HouseListPresenter.swift in Sources */,
				D7CB33552506C38A004F36DB /* NetworkError.swift in Sources */,
				D7CB32F1250696E3004F36DB /* AppDelegate.swift in Sources */,
				D7CB33592506C38A004F36DB /* Endpoint.swift in Sources */,
				D7CB33542506C38A004F36DB /* UrlProvider.swift in Sources */,
				D7CB336A2506C3A5004F36DB /* NetworkResponseValidator.swift in Sources */,
				D7CB336E2506C57B004F36DB /* HouseListResponse.swift in Sources */,
				D7CB337D2506D9B3004F36DB /* KVError.swift in Sources */,
				D7CB33572506C38A004F36DB /* HTTPMethod.swift in Sources */,
				D7CB33562506C38A004F36DB /* HTTPTask.swift in Sources */,
				D7CB33732506CC66004F36DB /* HouseInfoService.swift in Sources */,
				D7CB336B2506C3A5004F36DB /* BaseNetworkResponseValidator.swift in Sources */,
				D7CB33A72506ED21004F36DB /* KVDateFormatter.swift in Sources */,
				D7CB335D2506C38A004F36DB /* ResponseDecoder.swift in Sources */,
				D7CB33362506A3F8004F36DB /* HouseList.swift in Sources */,
				D7CB335B2506C38A004F36DB /* JSONResponseDecoder.swift in Sources */,
				D7CB33682506C3A5004F36DB /* NetworkServiceConfiguration.swift in Sources */,
				D7CB333E2506C012004F36DB /* LoadingView.swift in Sources */,
				D7CB33972506E46F004F36DB /* CGFloat+Appearance.swift in Sources */,
				D7CB335A2506C38A004F36DB /* ParameterEncoder.swift in Sources */,
				D7CB33692506C3A5004F36DB /* NetworkService.swift in Sources */,
				D7CB332625069CE1004F36DB /* HouseListViewController.swift in Sources */,
			);
			runOnlyForDeploymentPostprocessing = 0;
		};
/* End PBXSourcesBuildPhase section */

/* Begin PBXVariantGroup section */
		D7CB32FE250696E7004F36DB /* LaunchScreen.storyboard */ = {
			isa = PBXVariantGroup;
			children = (
				D7CB32FF250696E7004F36DB /* Base */,
			);
			name = LaunchScreen.storyboard;
			sourceTree = "<group>";
		};
/* End PBXVariantGroup section */

/* Begin XCBuildConfiguration section */
		D7CB3302250696E8004F36DB /* Debug */ = {
			isa = XCBuildConfiguration;
			buildSettings = {
				ALWAYS_SEARCH_USER_PATHS = NO;
				CLANG_ANALYZER_NONNULL = YES;
				CLANG_ANALYZER_NUMBER_OBJECT_CONVERSION = YES_AGGRESSIVE;
				CLANG_CXX_LANGUAGE_STANDARD = "gnu++14";
				CLANG_CXX_LIBRARY = "libc++";
				CLANG_ENABLE_MODULES = YES;
				CLANG_ENABLE_OBJC_ARC = YES;
				CLANG_ENABLE_OBJC_WEAK = YES;
				CLANG_WARN_BLOCK_CAPTURE_AUTORELEASING = YES;
				CLANG_WARN_BOOL_CONVERSION = YES;
				CLANG_WARN_COMMA = YES;
				CLANG_WARN_CONSTANT_CONVERSION = YES;
				CLANG_WARN_DEPRECATED_OBJC_IMPLEMENTATIONS = YES;
				CLANG_WARN_DIRECT_OBJC_ISA_USAGE = YES_ERROR;
				CLANG_WARN_DOCUMENTATION_COMMENTS = YES;
				CLANG_WARN_EMPTY_BODY = YES;
				CLANG_WARN_ENUM_CONVERSION = YES;
				CLANG_WARN_INFINITE_RECURSION = YES;
				CLANG_WARN_INT_CONVERSION = YES;
				CLANG_WARN_NON_LITERAL_NULL_CONVERSION = YES;
				CLANG_WARN_OBJC_IMPLICIT_RETAIN_SELF = YES;
				CLANG_WARN_OBJC_LITERAL_CONVERSION = YES;
				CLANG_WARN_OBJC_ROOT_CLASS = YES_ERROR;
				CLANG_WARN_RANGE_LOOP_ANALYSIS = YES;
				CLANG_WARN_STRICT_PROTOTYPES = YES;
				CLANG_WARN_SUSPICIOUS_MOVE = YES;
				CLANG_WARN_UNGUARDED_AVAILABILITY = YES_AGGRESSIVE;
				CLANG_WARN_UNREACHABLE_CODE = YES;
				CLANG_WARN__DUPLICATE_METHOD_MATCH = YES;
				COPY_PHASE_STRIP = NO;
				DEBUG_INFORMATION_FORMAT = dwarf;
				ENABLE_STRICT_OBJC_MSGSEND = YES;
				ENABLE_TESTABILITY = YES;
				GCC_C_LANGUAGE_STANDARD = gnu11;
				GCC_DYNAMIC_NO_PIC = NO;
				GCC_NO_COMMON_BLOCKS = YES;
				GCC_OPTIMIZATION_LEVEL = 0;
				GCC_PREPROCESSOR_DEFINITIONS = (
					"DEBUG=1",
					"$(inherited)",
				);
				GCC_WARN_64_TO_32_BIT_CONVERSION = YES;
				GCC_WARN_ABOUT_RETURN_TYPE = YES_ERROR;
				GCC_WARN_UNDECLARED_SELECTOR = YES;
				GCC_WARN_UNINITIALIZED_AUTOS = YES_AGGRESSIVE;
				GCC_WARN_UNUSED_FUNCTION = YES;
				GCC_WARN_UNUSED_VARIABLE = YES;
				IPHONEOS_DEPLOYMENT_TARGET = 13.5;
				MTL_ENABLE_DEBUG_INFO = INCLUDE_SOURCE;
				MTL_FAST_MATH = YES;
				ONLY_ACTIVE_ARCH = YES;
				SDKROOT = iphoneos;
				SWIFT_ACTIVE_COMPILATION_CONDITIONS = DEBUG;
				SWIFT_OPTIMIZATION_LEVEL = "-Onone";
			};
			name = Debug;
		};
		D7CB3303250696E8004F36DB /* Release */ = {
			isa = XCBuildConfiguration;
			buildSettings = {
				ALWAYS_SEARCH_USER_PATHS = NO;
				CLANG_ANALYZER_NONNULL = YES;
				CLANG_ANALYZER_NUMBER_OBJECT_CONVERSION = YES_AGGRESSIVE;
				CLANG_CXX_LANGUAGE_STANDARD = "gnu++14";
				CLANG_CXX_LIBRARY = "libc++";
				CLANG_ENABLE_MODULES = YES;
				CLANG_ENABLE_OBJC_ARC = YES;
				CLANG_ENABLE_OBJC_WEAK = YES;
				CLANG_WARN_BLOCK_CAPTURE_AUTORELEASING = YES;
				CLANG_WARN_BOOL_CONVERSION = YES;
				CLANG_WARN_COMMA = YES;
				CLANG_WARN_CONSTANT_CONVERSION = YES;
				CLANG_WARN_DEPRECATED_OBJC_IMPLEMENTATIONS = YES;
				CLANG_WARN_DIRECT_OBJC_ISA_USAGE = YES_ERROR;
				CLANG_WARN_DOCUMENTATION_COMMENTS = YES;
				CLANG_WARN_EMPTY_BODY = YES;
				CLANG_WARN_ENUM_CONVERSION = YES;
				CLANG_WARN_INFINITE_RECURSION = YES;
				CLANG_WARN_INT_CONVERSION = YES;
				CLANG_WARN_NON_LITERAL_NULL_CONVERSION = YES;
				CLANG_WARN_OBJC_IMPLICIT_RETAIN_SELF = YES;
				CLANG_WARN_OBJC_LITERAL_CONVERSION = YES;
				CLANG_WARN_OBJC_ROOT_CLASS = YES_ERROR;
				CLANG_WARN_RANGE_LOOP_ANALYSIS = YES;
				CLANG_WARN_STRICT_PROTOTYPES = YES;
				CLANG_WARN_SUSPICIOUS_MOVE = YES;
				CLANG_WARN_UNGUARDED_AVAILABILITY = YES_AGGRESSIVE;
				CLANG_WARN_UNREACHABLE_CODE = YES;
				CLANG_WARN__DUPLICATE_METHOD_MATCH = YES;
				COPY_PHASE_STRIP = NO;
				DEBUG_INFORMATION_FORMAT = "dwarf-with-dsym";
				ENABLE_NS_ASSERTIONS = NO;
				ENABLE_STRICT_OBJC_MSGSEND = YES;
				GCC_C_LANGUAGE_STANDARD = gnu11;
				GCC_NO_COMMON_BLOCKS = YES;
				GCC_WARN_64_TO_32_BIT_CONVERSION = YES;
				GCC_WARN_ABOUT_RETURN_TYPE = YES_ERROR;
				GCC_WARN_UNDECLARED_SELECTOR = YES;
				GCC_WARN_UNINITIALIZED_AUTOS = YES_AGGRESSIVE;
				GCC_WARN_UNUSED_FUNCTION = YES;
				GCC_WARN_UNUSED_VARIABLE = YES;
				IPHONEOS_DEPLOYMENT_TARGET = 13.5;
				MTL_ENABLE_DEBUG_INFO = NO;
				MTL_FAST_MATH = YES;
				SDKROOT = iphoneos;
				SWIFT_COMPILATION_MODE = wholemodule;
				SWIFT_OPTIMIZATION_LEVEL = "-O";
				VALIDATE_PRODUCT = YES;
			};
			name = Release;
		};
		D7CB3305250696E8004F36DB /* Debug */ = {
			isa = XCBuildConfiguration;
			buildSettings = {
				ASSETCATALOG_COMPILER_APPICON_NAME = AppIcon;
				CODE_SIGN_STYLE = Automatic;
				DEVELOPMENT_TEAM = 4LZJ6YD33X;
				INFOPLIST_FILE = kupivodu/Resources/Info.plist;
				IPHONEOS_DEPLOYMENT_TARGET = 10.0;
				LD_RUNPATH_SEARCH_PATHS = (
					"$(inherited)",
					"@executable_path/Frameworks",
				);
				PRODUCT_BUNDLE_IDENTIFIER = com.mrtokii.kupivodu;
				PRODUCT_NAME = "$(TARGET_NAME)";
				SWIFT_VERSION = 5.0;
				TARGETED_DEVICE_FAMILY = 1;
			};
			name = Debug;
		};
		D7CB3306250696E8004F36DB /* Release */ = {
			isa = XCBuildConfiguration;
			buildSettings = {
				ASSETCATALOG_COMPILER_APPICON_NAME = AppIcon;
				CODE_SIGN_STYLE = Automatic;
				DEVELOPMENT_TEAM = 4LZJ6YD33X;
				INFOPLIST_FILE = kupivodu/Resources/Info.plist;
				IPHONEOS_DEPLOYMENT_TARGET = 10.0;
				LD_RUNPATH_SEARCH_PATHS = (
					"$(inherited)",
					"@executable_path/Frameworks",
				);
				PRODUCT_BUNDLE_IDENTIFIER = com.mrtokii.kupivodu;
				PRODUCT_NAME = "$(TARGET_NAME)";
				SWIFT_VERSION = 5.0;
				TARGETED_DEVICE_FAMILY = 1;
			};
			name = Release;
		};
/* End XCBuildConfiguration section */

/* Begin XCConfigurationList section */
		D7CB32E8250696E3004F36DB /* Build configuration list for PBXProject "kupivodu" */ = {
			isa = XCConfigurationList;
			buildConfigurations = (
				D7CB3302250696E8004F36DB /* Debug */,
				D7CB3303250696E8004F36DB /* Release */,
			);
			defaultConfigurationIsVisible = 0;
			defaultConfigurationName = Release;
		};
		D7CB3304250696E8004F36DB /* Build configuration list for PBXNativeTarget "kupivodu" */ = {
			isa = XCConfigurationList;
			buildConfigurations = (
				D7CB3305250696E8004F36DB /* Debug */,
				D7CB3306250696E8004F36DB /* Release */,
			);
			defaultConfigurationIsVisible = 0;
			defaultConfigurationName = Release;
		};
/* End XCConfigurationList section */

/* Begin XCRemoteSwiftPackageReference section */
		D7CB3307250697E8004F36DB /* XCRemoteSwiftPackageReference "RxSwift" */ = {
			isa = XCRemoteSwiftPackageReference;
			repositoryURL = "https://github.com/ReactiveX/RxSwift";
			requirement = {
				kind = upToNextMajorVersion;
				minimumVersion = 5.1.1;
			};
		};
		D7CB330C25069816004F36DB /* XCRemoteSwiftPackageReference "SnapKit" */ = {
			isa = XCRemoteSwiftPackageReference;
			repositoryURL = "https://github.com/SnapKit/SnapKit";
			requirement = {
				kind = upToNextMajorVersion;
				minimumVersion = 5.0.1;
			};
		};
		D7CB33782506CE3F004F36DB /* XCRemoteSwiftPackageReference "Zip" */ = {
			isa = XCRemoteSwiftPackageReference;
			repositoryURL = "https://github.com/marmelroy/Zip";
			requirement = {
				kind = upToNextMajorVersion;
				minimumVersion = 2.0.0;
			};
		};
/* End XCRemoteSwiftPackageReference section */

/* Begin XCSwiftPackageProductDependency section */
		D7CB3308250697E8004F36DB /* RxSwift */ = {
			isa = XCSwiftPackageProductDependency;
			package = D7CB3307250697E8004F36DB /* XCRemoteSwiftPackageReference "RxSwift" */;
			productName = RxSwift;
		};
		D7CB330A250697E8004F36DB /* RxCocoa */ = {
			isa = XCSwiftPackageProductDependency;
			package = D7CB3307250697E8004F36DB /* XCRemoteSwiftPackageReference "RxSwift" */;
			productName = RxCocoa;
		};
		D7CB330D25069816004F36DB /* SnapKit */ = {
			isa = XCSwiftPackageProductDependency;
			package = D7CB330C25069816004F36DB /* XCRemoteSwiftPackageReference "SnapKit" */;
			productName = SnapKit;
		};
		D7CB33792506CE3F004F36DB /* Zip */ = {
			isa = XCSwiftPackageProductDependency;
			package = D7CB33782506CE3F004F36DB /* XCRemoteSwiftPackageReference "Zip" */;
			productName = Zip;
		};
/* End XCSwiftPackageProductDependency section */

/* Begin XCVersionGroup section */
		D7CB32F9250696E3004F36DB /* kupivodu.xcdatamodeld */ = {
			isa = XCVersionGroup;
			children = (
				D7CB32FA250696E3004F36DB /* kupivodu.xcdatamodel */,
			);
			currentVersion = D7CB32FA250696E3004F36DB /* kupivodu.xcdatamodel */;
			path = kupivodu.xcdatamodeld;
			sourceTree = "<group>";
			versionGroupType = wrapper.xcdatamodel;
		};
/* End XCVersionGroup section */
	};
	rootObject = D7CB32E5250696E3004F36DB /* Project object */;
}
