// !$*UTF8*$!
{
	archiveVersion = 1;
	classes = {
	};
	objectVersion = 52;
	objects = {

/* Begin PBXBuildFile section */
		D7CB32F1250696E3004F36DB /* AppDelegate.swift in Sources */ = {isa = PBXBuildFile; fileRef = D7CB32F0250696E3004F36DB /* AppDelegate.swift */; };
		D7CB32FB250696E3004F36DB /* kupivodu.xcdatamodeld in Sources */ = {isa = PBXBuildFile; fileRef = D7CB32F9250696E3004F36DB /* kupivodu.xcdatamodeld */; };
		D7CB32FD250696E7004F36DB /* Assets.xcassets in Resources */ = {isa = PBXBuildFile; fileRef = D7CB32FC250696E7004F36DB /* Assets.xcassets */; };
		D7CB3300250696E7004F36DB /* LaunchScreen.storyboard in Resources */ = {isa = PBXBuildFile; fileRef = D7CB32FE250696E7004F36DB /* LaunchScreen.storyboard */; };
		D7CB3309250697E8004F36DB /* RxSwift in Frameworks */ = {isa = PBXBuildFile; productRef = D7CB3308250697E8004F36DB /* RxSwift */; };
		D7CB330B250697E8004F36DB /* RxCocoa in Frameworks */ = {isa = PBXBuildFile; productRef = D7CB330A250697E8004F36DB /* RxCocoa */; };
		D7CB330E25069816004F36DB /* SnapKit in Frameworks */ = {isa = PBXBuildFile; productRef = D7CB330D25069816004F36DB /* SnapKit */; };
		D7CB332025069C80004F36DB /* HouseListModuleAssembly.swift in Sources */ = {isa = PBXBuildFile; fileRef = D7CB331F25069C80004F36DB /* HouseListModuleAssembly.swift */; };
		D7CB332225069CBE004F36DB /* HouseListPresenter.swift in Sources */ = {isa = PBXBuildFile; fileRef = D7CB332125069CBE004F36DB /* HouseListPresenter.swift */; };
		D7CB332425069CD3004F36DB /* HouseListInteractor.swift in Sources */ = {isa = PBXBuildFile; fileRef = D7CB332325069CD3004F36DB /* HouseListInteractor.swift */; };
		D7CB332625069CE1004F36DB /* HouseListViewController.swift in Sources */ = {isa = PBXBuildFile; fileRef = D7CB332525069CE1004F36DB /* HouseListViewController.swift */; };
		D7CB332B25069F7B004F36DB /* HouseListInteractorProtocols.swift in Sources */ = {isa = PBXBuildFile; fileRef = D7CB332A25069F7B004F36DB /* HouseListInteractorProtocols.swift */; };
		D7CB332D25069F96004F36DB /* HouseListPresenterProtocols.swift in Sources */ = {isa = PBXBuildFile; fileRef = D7CB332C25069F96004F36DB /* HouseListPresenterProtocols.swift */; };
		D7CB332F2506A2C6004F36DB /* HouseListInteractorState.swift in Sources */ = {isa = PBXBuildFile; fileRef = D7CB332E2506A2C6004F36DB /* HouseListInteractorState.swift */; };
		D7CB33332506A373004F36DB /* HouseInfo.swift in Sources */ = {isa = PBXBuildFile; fileRef = D7CB33322506A373004F36DB /* HouseInfo.swift */; };
		D7CB33362506A3F8004F36DB /* HouseList.swift in Sources */ = {isa = PBXBuildFile; fileRef = D7CB33352506A3F8004F36DB /* HouseList.swift */; };
		D7CB333B2506B48F004F36DB /* HouseInfoCell.swift in Sources */ = {isa = PBXBuildFile; fileRef = D7CB333A2506B48F004F36DB /* HouseInfoCell.swift */; };
		D7CB333E2506C012004F36DB /* LoadingView.swift in Sources */ = {isa = PBXBuildFile; fileRef = D7CB333D2506C012004F36DB /* LoadingView.swift */; };
/* End PBXBuildFile section */

/* Begin PBXFileReference section */
		D7CB32ED250696E3004F36DB /* kupivodu.app */ = {isa = PBXFileReference; explicitFileType = wrapper.application; includeInIndex = 0; path = kupivodu.app; sourceTree = BUILT_PRODUCTS_DIR; };
		D7CB32F0250696E3004F36DB /* AppDelegate.swift */ = {isa = PBXFileReference; lastKnownFileType = sourcecode.swift; path = AppDelegate.swift; sourceTree = "<group>"; };
		D7CB32FA250696E3004F36DB /* kupivodu.xcdatamodel */ = {isa = PBXFileReference; lastKnownFileType = wrapper.xcdatamodel; path = kupivodu.xcdatamodel; sourceTree = "<group>"; };
		D7CB32FC250696E7004F36DB /* Assets.xcassets */ = {isa = PBXFileReference; lastKnownFileType = folder.assetcatalog; path = Assets.xcassets; sourceTree = "<group>"; };
		D7CB32FF250696E7004F36DB /* Base */ = {isa = PBXFileReference; lastKnownFileType = file.storyboard; name = Base; path = Base.lproj/LaunchScreen.storyboard; sourceTree = "<group>"; };
		D7CB3301250696E7004F36DB /* Info.plist */ = {isa = PBXFileReference; lastKnownFileType = text.plist.xml; path = Info.plist; sourceTree = "<group>"; };
		D7CB331F25069C80004F36DB /* HouseListModuleAssembly.swift */ = {isa = PBXFileReference; lastKnownFileType = sourcecode.swift; path = HouseListModuleAssembly.swift; sourceTree = "<group>"; };
		D7CB332125069CBE004F36DB /* HouseListPresenter.swift */ = {isa = PBXFileReference; lastKnownFileType = sourcecode.swift; path = HouseListPresenter.swift; sourceTree = "<group>"; };
		D7CB332325069CD3004F36DB /* HouseListInteractor.swift */ = {isa = PBXFileReference; lastKnownFileType = sourcecode.swift; path = HouseListInteractor.swift; sourceTree = "<group>"; };
		D7CB332525069CE1004F36DB /* HouseListViewController.swift */ = {isa = PBXFileReference; lastKnownFileType = sourcecode.swift; path = HouseListViewController.swift; sourceTree = "<group>"; };
		D7CB332A25069F7B004F36DB /* HouseListInteractorProtocols.swift */ = {isa = PBXFileReference; lastKnownFileType = sourcecode.swift; path = HouseListInteractorProtocols.swift; sourceTree = "<group>"; };
		D7CB332C25069F96004F36DB /* HouseListPresenterProtocols.swift */ = {isa = PBXFileReference; lastKnownFileType = sourcecode.swift; path = HouseListPresenterProtocols.swift; sourceTree = "<group>"; };
		D7CB332E2506A2C6004F36DB /* HouseListInteractorState.swift */ = {isa = PBXFileReference; lastKnownFileType = sourcecode.swift; path = HouseListInteractorState.swift; sourceTree = "<group>"; };
		D7CB33322506A373004F36DB /* HouseInfo.swift */ = {isa = PBXFileReference; lastKnownFileType = sourcecode.swift; path = HouseInfo.swift; sourceTree = "<group>"; };
		D7CB33352506A3F8004F36DB /* HouseList.swift */ = {isa = PBXFileReference; lastKnownFileType = sourcecode.swift; path = HouseList.swift; sourceTree = "<group>"; };
		D7CB333A2506B48F004F36DB /* HouseInfoCell.swift */ = {isa = PBXFileReference; lastKnownFileType = sourcecode.swift; path = HouseInfoCell.swift; sourceTree = "<group>"; };
		D7CB333D2506C012004F36DB /* LoadingView.swift */ = {isa = PBXFileReference; lastKnownFileType = sourcecode.swift; path = LoadingView.swift; sourceTree = "<group>"; };
/* End PBXFileReference section */

/* Begin PBXFrameworksBuildPhase section */
		D7CB32EA250696E3004F36DB /* Frameworks */ = {
			isa = PBXFrameworksBuildPhase;
			buildActionMask = 2147483647;
			files = (
				D7CB330E25069816004F36DB /* SnapKit in Frameworks */,
				D7CB330B250697E8004F36DB /* RxCocoa in Frameworks */,
				D7CB3309250697E8004F36DB /* RxSwift in Frameworks */,
			);
			runOnlyForDeploymentPostprocessing = 0;
		};
/* End PBXFrameworksBuildPhase section */

/* Begin PBXGroup section */
		D7CB32E4250696E3004F36DB = {
			isa = PBXGroup;
			children = (
				D7CB32EF250696E3004F36DB /* kupivodu */,
				D7CB32EE250696E3004F36DB /* Products */,
			);
			sourceTree = "<group>";
		};
		D7CB32EE250696E3004F36DB /* Products */ = {
			isa = PBXGroup;
			children = (
				D7CB32ED250696E3004F36DB /* kupivodu.app */,
			);
			name = Products;
			sourceTree = "<group>";
		};
		D7CB32EF250696E3004F36DB /* kupivodu */ = {
			isa = PBXGroup;
			children = (
				D7CB331525069979004F36DB /* ApplicationLayer */,
				D7CB330F25069938004F36DB /* PresentationLayer */,
				D7CB331025069943004F36DB /* ModelsLayer */,
				D7CB33112506994D004F36DB /* ServiceLayer */,
				D7CB331325069962004F36DB /* Resources */,
			);
			path = kupivodu;
			sourceTree = "<group>";
		};
		D7CB330F25069938004F36DB /* PresentationLayer */ = {
			isa = PBXGroup;
			children = (
				D7CB331825069B69004F36DB /* Modules */,
			);
			path = PresentationLayer;
			sourceTree = "<group>";
		};
		D7CB331025069943004F36DB /* ModelsLayer */ = {
			isa = PBXGroup;
			children = (
				D7CB33302506A32C004F36DB /* PlainObjects */,
				D7CB331225069956004F36DB /* CoreData */,
			);
			path = ModelsLayer;
			sourceTree = "<group>";
		};
		D7CB33112506994D004F36DB /* ServiceLayer */ = {
			isa = PBXGroup;
			children = (
			);
			path = ServiceLayer;
			sourceTree = "<group>";
		};
		D7CB331225069956004F36DB /* CoreData */ = {
			isa = PBXGroup;
			children = (
				D7CB32F9250696E3004F36DB /* kupivodu.xcdatamodeld */,
			);
			path = CoreData;
			sourceTree = "<group>";
		};
		D7CB331325069962004F36DB /* Resources */ = {
			isa = PBXGroup;
			children = (
				D7CB32FC250696E7004F36DB /* Assets.xcassets */,
				D7CB32FE250696E7004F36DB /* LaunchScreen.storyboard */,
				D7CB3301250696E7004F36DB /* Info.plist */,
			);
			path = Resources;
			sourceTree = "<group>";
		};
		D7CB331525069979004F36DB /* ApplicationLayer */ = {
			isa = PBXGroup;
			children = (
				D7CB331625069980004F36DB /* AppDelegate */,
			);
			path = ApplicationLayer;
			sourceTree = "<group>";
		};
		D7CB331625069980004F36DB /* AppDelegate */ = {
			isa = PBXGroup;
			children = (
				D7CB32F0250696E3004F36DB /* AppDelegate.swift */,
			);
			path = AppDelegate;
			sourceTree = "<group>";
		};
		D7CB331825069B69004F36DB /* Modules */ = {
			isa = PBXGroup;
			children = (
				D7CB331A25069C3A004F36DB /* HouseList */,
			);
			path = Modules;
			sourceTree = "<group>";
		};
		D7CB331A25069C3A004F36DB /* HouseList */ = {
			isa = PBXGroup;
			children = (
				D7CB331B25069C4A004F36DB /* Assembly */,
				D7CB331E25069C62004F36DB /* Presenter */,
				D7CB331D25069C5C004F36DB /* Interactor */,
				D7CB331C25069C58004F36DB /* View */,
			);
			path = HouseList;
			sourceTree = "<group>";
		};
		D7CB331B25069C4A004F36DB /* Assembly */ = {
			isa = PBXGroup;
			children = (
				D7CB331F25069C80004F36DB /* HouseListModuleAssembly.swift */,
			);
			path = Assembly;
			sourceTree = "<group>";
		};
		D7CB331C25069C58004F36DB /* View */ = {
			isa = PBXGroup;
			children = (
				D7CB33372506B462004F36DB /* Subviews */,
				D7CB332525069CE1004F36DB /* HouseListViewController.swift */,
			);
			path = View;
			sourceTree = "<group>";
		};
		D7CB331D25069C5C004F36DB /* Interactor */ = {
			isa = PBXGroup;
			children = (
				D7CB33342506A3E6004F36DB /* Submodels */,
				D7CB332325069CD3004F36DB /* HouseListInteractor.swift */,
				D7CB332A25069F7B004F36DB /* HouseListInteractorProtocols.swift */,
				D7CB332E2506A2C6004F36DB /* HouseListInteractorState.swift */,
			);
			path = Interactor;
			sourceTree = "<group>";
		};
		D7CB331E25069C62004F36DB /* Presenter */ = {
			isa = PBXGroup;
			children = (
				D7CB332125069CBE004F36DB /* HouseListPresenter.swift */,
				D7CB332C25069F96004F36DB /* HouseListPresenterProtocols.swift */,
			);
			path = Presenter;
			sourceTree = "<group>";
		};
		D7CB33302506A32C004F36DB /* PlainObjects */ = {
			isa = PBXGroup;
			children = (
				D7CB33322506A373004F36DB /* HouseInfo.swift */,
			);
			path = PlainObjects;
			sourceTree = "<group>";
		};
		D7CB33342506A3E6004F36DB /* Submodels */ = {
			isa = PBXGroup;
			children = (
				D7CB33352506A3F8004F36DB /* HouseList.swift */,
			);
			path = Submodels;
			sourceTree = "<group>";
		};
		D7CB33372506B462004F36DB /* Subviews */ = {
			isa = PBXGroup;
			children = (
				D7CB333C2506C002004F36DB /* LoadingView */,
				D7CB33382506B46E004F36DB /* Cells */,
			);
			path = Subviews;
			sourceTree = "<group>";
		};
		D7CB33382506B46E004F36DB /* Cells */ = {
			isa = PBXGroup;
			children = (
				D7CB33392506B47D004F36DB /* HouseInfoCell */,
			);
			path = Cells;
			sourceTree = "<group>";
		};
		D7CB33392506B47D004F36DB /* HouseInfoCell */ = {
			isa = PBXGroup;
			children = (
				D7CB333A2506B48F004F36DB /* HouseInfoCell.swift */,
			);
			path = HouseInfoCell;
			sourceTree = "<group>";
		};
		D7CB333C2506C002004F36DB /* LoadingView */ = {
			isa = PBXGroup;
			children = (
				D7CB333D2506C012004F36DB /* LoadingView.swift */,
			);
			path = LoadingView;
			sourceTree = "<group>";
		};
/* End PBXGroup section */

/* Begin PBXNativeTarget section */
		D7CB32EC250696E3004F36DB /* kupivodu */ = {
			isa = PBXNativeTarget;
			buildConfigurationList = D7CB3304250696E8004F36DB /* Build configuration list for PBXNativeTarget "kupivodu" */;
			buildPhases = (
				D7CB32E9250696E3004F36DB /* Sources */,
				D7CB32EA250696E3004F36DB /* Frameworks */,
				D7CB32EB250696E3004F36DB /* Resources */,
			);
			buildRules = (
			);
			dependencies = (
			);
			name = kupivodu;
			packageProductDependencies = (
				D7CB3308250697E8004F36DB /* RxSwift */,
				D7CB330A250697E8004F36DB /* RxCocoa */,
				D7CB330D25069816004F36DB /* SnapKit */,
			);
			productName = kupivodu;
			productReference = D7CB32ED250696E3004F36DB /* kupivodu.app */;
			productType = "com.apple.product-type.application";
		};
/* End PBXNativeTarget section */

/* Begin PBXProject section */
		D7CB32E5250696E3004F36DB /* Project object */ = {
			isa = PBXProject;
			attributes = {
				LastSwiftUpdateCheck = 1150;
				LastUpgradeCheck = 1150;
				ORGANIZATIONNAME = "Vitaliy Salnikov";
				TargetAttributes = {
					D7CB32EC250696E3004F36DB = {
						CreatedOnToolsVersion = 11.5;
					};
				};
			};
			buildConfigurationList = D7CB32E8250696E3004F36DB /* Build configuration list for PBXProject "kupivodu" */;
			compatibilityVersion = "Xcode 9.3";
			developmentRegion = en;
			hasScannedForEncodings = 0;
			knownRegions = (
				en,
				Base,
			);
			mainGroup = D7CB32E4250696E3004F36DB;
			packageReferences = (
				D7CB3307250697E8004F36DB /* XCRemoteSwiftPackageReference "RxSwift" */,
				D7CB330C25069816004F36DB /* XCRemoteSwiftPackageReference "SnapKit" */,
			);
			productRefGroup = D7CB32EE250696E3004F36DB /* Products */;
			projectDirPath = "";
			projectRoot = "";
			targets = (
				D7CB32EC250696E3004F36DB /* kupivodu */,
			);
		};
/* End PBXProject section */

/* Begin PBXResourcesBuildPhase section */
		D7CB32EB250696E3004F36DB /* Resources */ = {
			isa = PBXResourcesBuildPhase;
			buildActionMask = 2147483647;
			files = (
				D7CB3300250696E7004F36DB /* LaunchScreen.storyboard in Resources */,
				D7CB32FD250696E7004F36DB /* Assets.xcassets in Resources */,
			);
			runOnlyForDeploymentPostprocessing = 0;
		};
/* End PBXResourcesBuildPhase section */

/* Begin PBXSourcesBuildPhase section */
		D7CB32E9250696E3004F36DB /* Sources */ = {
			isa = PBXSourcesBuildPhase;
			buildActionMask = 2147483647;
			files = (
				D7CB33332506A373004F36DB /* HouseInfo.swift in Sources */,
				D7CB32FB250696E3004F36DB /* kupivodu.xcdatamodeld in Sources */,
				D7CB333B2506B48F004F36DB /* HouseInfoCell.swift in Sources */,
				D7CB332B25069F7B004F36DB /* HouseListInteractorProtocols.swift in Sources */,
				D7CB332425069CD3004F36DB /* HouseListInteractor.swift in Sources */,
				D7CB332F2506A2C6004F36DB /* HouseListInteractorState.swift in Sources */,
				D7CB332D25069F96004F36DB /* HouseListPresenterProtocols.swift in Sources */,
				D7CB332025069C80004F36DB /* HouseListModuleAssembly.swift in Sources */,
				D7CB332225069CBE004F36DB /* HouseListPresenter.swift in Sources */,
				D7CB32F1250696E3004F36DB /* AppDelegate.swift in Sources */,
				D7CB33362506A3F8004F36DB /* HouseList.swift in Sources */,
				D7CB333E2506C012004F36DB /* LoadingView.swift in Sources */,
				D7CB332625069CE1004F36DB /* HouseListViewController.swift in Sources */,
			);
			runOnlyForDeploymentPostprocessing = 0;
		};
/* End PBXSourcesBuildPhase section */

/* Begin PBXVariantGroup section */
		D7CB32FE250696E7004F36DB /* LaunchScreen.storyboard */ = {
			isa = PBXVariantGroup;
			children = (
				D7CB32FF250696E7004F36DB /* Base */,
			);
			name = LaunchScreen.storyboard;
			sourceTree = "<group>";
		};
/* End PBXVariantGroup section */

/* Begin XCBuildConfiguration section */
		D7CB3302250696E8004F36DB /* Debug */ = {
			isa = XCBuildConfiguration;
			buildSettings = {
				ALWAYS_SEARCH_USER_PATHS = NO;
				CLANG_ANALYZER_NONNULL = YES;
				CLANG_ANALYZER_NUMBER_OBJECT_CONVERSION = YES_AGGRESSIVE;
				CLANG_CXX_LANGUAGE_STANDARD = "gnu++14";
				CLANG_CXX_LIBRARY = "libc++";
				CLANG_ENABLE_MODULES = YES;
				CLANG_ENABLE_OBJC_ARC = YES;
				CLANG_ENABLE_OBJC_WEAK = YES;
				CLANG_WARN_BLOCK_CAPTURE_AUTORELEASING = YES;
				CLANG_WARN_BOOL_CONVERSION = YES;
				CLANG_WARN_COMMA = YES;
				CLANG_WARN_CONSTANT_CONVERSION = YES;
				CLANG_WARN_DEPRECATED_OBJC_IMPLEMENTATIONS = YES;
				CLANG_WARN_DIRECT_OBJC_ISA_USAGE = YES_ERROR;
				CLANG_WARN_DOCUMENTATION_COMMENTS = YES;
				CLANG_WARN_EMPTY_BODY = YES;
				CLANG_WARN_ENUM_CONVERSION = YES;
				CLANG_WARN_INFINITE_RECURSION = YES;
				CLANG_WARN_INT_CONVERSION = YES;
				CLANG_WARN_NON_LITERAL_NULL_CONVERSION = YES;
				CLANG_WARN_OBJC_IMPLICIT_RETAIN_SELF = YES;
				CLANG_WARN_OBJC_LITERAL_CONVERSION = YES;
				CLANG_WARN_OBJC_ROOT_CLASS = YES_ERROR;
				CLANG_WARN_RANGE_LOOP_ANALYSIS = YES;
				CLANG_WARN_STRICT_PROTOTYPES = YES;
				CLANG_WARN_SUSPICIOUS_MOVE = YES;
				CLANG_WARN_UNGUARDED_AVAILABILITY = YES_AGGRESSIVE;
				CLANG_WARN_UNREACHABLE_CODE = YES;
				CLANG_WARN__DUPLICATE_METHOD_MATCH = YES;
				COPY_PHASE_STRIP = NO;
				DEBUG_INFORMATION_FORMAT = dwarf;
				ENABLE_STRICT_OBJC_MSGSEND = YES;
				ENABLE_TESTABILITY = YES;
				GCC_C_LANGUAGE_STANDARD = gnu11;
				GCC_DYNAMIC_NO_PIC = NO;
				GCC_NO_COMMON_BLOCKS = YES;
				GCC_OPTIMIZATION_LEVEL = 0;
				GCC_PREPROCESSOR_DEFINITIONS = (
					"DEBUG=1",
					"$(inherited)",
				);
				GCC_WARN_64_TO_32_BIT_CONVERSION = YES;
				GCC_WARN_ABOUT_RETURN_TYPE = YES_ERROR;
				GCC_WARN_UNDECLARED_SELECTOR = YES;
				GCC_WARN_UNINITIALIZED_AUTOS = YES_AGGRESSIVE;
				GCC_WARN_UNUSED_FUNCTION = YES;
				GCC_WARN_UNUSED_VARIABLE = YES;
				IPHONEOS_DEPLOYMENT_TARGET = 13.5;
				MTL_ENABLE_DEBUG_INFO = INCLUDE_SOURCE;
				MTL_FAST_MATH = YES;
				ONLY_ACTIVE_ARCH = YES;
				SDKROOT = iphoneos;
				SWIFT_ACTIVE_COMPILATION_CONDITIONS = DEBUG;
				SWIFT_OPTIMIZATION_LEVEL = "-Onone";
			};
			name = Debug;
		};
		D7CB3303250696E8004F36DB /* Release */ = {
			isa = XCBuildConfiguration;
			buildSettings = {
				ALWAYS_SEARCH_USER_PATHS = NO;
				CLANG_ANALYZER_NONNULL = YES;
				CLANG_ANALYZER_NUMBER_OBJECT_CONVERSION = YES_AGGRESSIVE;
				CLANG_CXX_LANGUAGE_STANDARD = "gnu++14";
				CLANG_CXX_LIBRARY = "libc++";
				CLANG_ENABLE_MODULES = YES;
				CLANG_ENABLE_OBJC_ARC = YES;
				CLANG_ENABLE_OBJC_WEAK = YES;
				CLANG_WARN_BLOCK_CAPTURE_AUTORELEASING = YES;
				CLANG_WARN_BOOL_CONVERSION = YES;
				CLANG_WARN_COMMA = YES;
				CLANG_WARN_CONSTANT_CONVERSION = YES;
				CLANG_WARN_DEPRECATED_OBJC_IMPLEMENTATIONS = YES;
				CLANG_WARN_DIRECT_OBJC_ISA_USAGE = YES_ERROR;
				CLANG_WARN_DOCUMENTATION_COMMENTS = YES;
				CLANG_WARN_EMPTY_BODY = YES;
				CLANG_WARN_ENUM_CONVERSION = YES;
				CLANG_WARN_INFINITE_RECURSION = YES;
				CLANG_WARN_INT_CONVERSION = YES;
				CLANG_WARN_NON_LITERAL_NULL_CONVERSION = YES;
				CLANG_WARN_OBJC_IMPLICIT_RETAIN_SELF = YES;
				CLANG_WARN_OBJC_LITERAL_CONVERSION = YES;
				CLANG_WARN_OBJC_ROOT_CLASS = YES_ERROR;
				CLANG_WARN_RANGE_LOOP_ANALYSIS = YES;
				CLANG_WARN_STRICT_PROTOTYPES = YES;
				CLANG_WARN_SUSPICIOUS_MOVE = YES;
				CLANG_WARN_UNGUARDED_AVAILABILITY = YES_AGGRESSIVE;
				CLANG_WARN_UNREACHABLE_CODE = YES;
				CLANG_WARN__DUPLICATE_METHOD_MATCH = YES;
				COPY_PHASE_STRIP = NO;
				DEBUG_INFORMATION_FORMAT = "dwarf-with-dsym";
				ENABLE_NS_ASSERTIONS = NO;
				ENABLE_STRICT_OBJC_MSGSEND = YES;
				GCC_C_LANGUAGE_STANDARD = gnu11;
				GCC_NO_COMMON_BLOCKS = YES;
				GCC_WARN_64_TO_32_BIT_CONVERSION = YES;
				GCC_WARN_ABOUT_RETURN_TYPE = YES_ERROR;
				GCC_WARN_UNDECLARED_SELECTOR = YES;
				GCC_WARN_UNINITIALIZED_AUTOS = YES_AGGRESSIVE;
				GCC_WARN_UNUSED_FUNCTION = YES;
				GCC_WARN_UNUSED_VARIABLE = YES;
				IPHONEOS_DEPLOYMENT_TARGET = 13.5;
				MTL_ENABLE_DEBUG_INFO = NO;
				MTL_FAST_MATH = YES;
				SDKROOT = iphoneos;
				SWIFT_COMPILATION_MODE = wholemodule;
				SWIFT_OPTIMIZATION_LEVEL = "-O";
				VALIDATE_PRODUCT = YES;
			};
			name = Release;
		};
		D7CB3305250696E8004F36DB /* Debug */ = {
			isa = XCBuildConfiguration;
			buildSettings = {
				ASSETCATALOG_COMPILER_APPICON_NAME = AppIcon;
				CODE_SIGN_STYLE = Automatic;
				DEVELOPMENT_TEAM = 4LZJ6YD33X;
				INFOPLIST_FILE = kupivodu/Resources/Info.plist;
				IPHONEOS_DEPLOYMENT_TARGET = 10.0;
				LD_RUNPATH_SEARCH_PATHS = (
					"$(inherited)",
					"@executable_path/Frameworks",
				);
				PRODUCT_BUNDLE_IDENTIFIER = com.mrtokii.kupivodu;
				PRODUCT_NAME = "$(TARGET_NAME)";
				SWIFT_VERSION = 5.0;
				TARGETED_DEVICE_FAMILY = 1;
			};
			name = Debug;
		};
		D7CB3306250696E8004F36DB /* Release */ = {
			isa = XCBuildConfiguration;
			buildSettings = {
				ASSETCATALOG_COMPILER_APPICON_NAME = AppIcon;
				CODE_SIGN_STYLE = Automatic;
				DEVELOPMENT_TEAM = 4LZJ6YD33X;
				INFOPLIST_FILE = kupivodu/Resources/Info.plist;
				IPHONEOS_DEPLOYMENT_TARGET = 10.0;
				LD_RUNPATH_SEARCH_PATHS = (
					"$(inherited)",
					"@executable_path/Frameworks",
				);
				PRODUCT_BUNDLE_IDENTIFIER = com.mrtokii.kupivodu;
				PRODUCT_NAME = "$(TARGET_NAME)";
				SWIFT_VERSION = 5.0;
				TARGETED_DEVICE_FAMILY = 1;
			};
			name = Release;
		};
/* End XCBuildConfiguration section */

/* Begin XCConfigurationList section */
		D7CB32E8250696E3004F36DB /* Build configuration list for PBXProject "kupivodu" */ = {
			isa = XCConfigurationList;
			buildConfigurations = (
				D7CB3302250696E8004F36DB /* Debug */,
				D7CB3303250696E8004F36DB /* Release */,
			);
			defaultConfigurationIsVisible = 0;
			defaultConfigurationName = Release;
		};
		D7CB3304250696E8004F36DB /* Build configuration list for PBXNativeTarget "kupivodu" */ = {
			isa = XCConfigurationList;
			buildConfigurations = (
				D7CB3305250696E8004F36DB /* Debug */,
				D7CB3306250696E8004F36DB /* Release */,
			);
			defaultConfigurationIsVisible = 0;
			defaultConfigurationName = Release;
		};
/* End XCConfigurationList section */

/* Begin XCRemoteSwiftPackageReference section */
		D7CB3307250697E8004F36DB /* XCRemoteSwiftPackageReference "RxSwift" */ = {
			isa = XCRemoteSwiftPackageReference;
			repositoryURL = "https://github.com/ReactiveX/RxSwift";
			requirement = {
				kind = upToNextMajorVersion;
				minimumVersion = 5.1.1;
			};
		};
		D7CB330C25069816004F36DB /* XCRemoteSwiftPackageReference "SnapKit" */ = {
			isa = XCRemoteSwiftPackageReference;
			repositoryURL = "https://github.com/SnapKit/SnapKit";
			requirement = {
				kind = upToNextMajorVersion;
				minimumVersion = 5.0.1;
			};
		};
/* End XCRemoteSwiftPackageReference section */

/* Begin XCSwiftPackageProductDependency section */
		D7CB3308250697E8004F36DB /* RxSwift */ = {
			isa = XCSwiftPackageProductDependency;
			package = D7CB3307250697E8004F36DB /* XCRemoteSwiftPackageReference "RxSwift" */;
			productName = RxSwift;
		};
		D7CB330A250697E8004F36DB /* RxCocoa */ = {
			isa = XCSwiftPackageProductDependency;
			package = D7CB3307250697E8004F36DB /* XCRemoteSwiftPackageReference "RxSwift" */;
			productName = RxCocoa;
		};
		D7CB330D25069816004F36DB /* SnapKit */ = {
			isa = XCSwiftPackageProductDependency;
			package = D7CB330C25069816004F36DB /* XCRemoteSwiftPackageReference "SnapKit" */;
			productName = SnapKit;
		};
/* End XCSwiftPackageProductDependency section */

/* Begin XCVersionGroup section */
		D7CB32F9250696E3004F36DB /* kupivodu.xcdatamodeld */ = {
			isa = XCVersionGroup;
			children = (
				D7CB32FA250696E3004F36DB /* kupivodu.xcdatamodel */,
			);
			currentVersion = D7CB32FA250696E3004F36DB /* kupivodu.xcdatamodel */;
			path = kupivodu.xcdatamodeld;
			sourceTree = "<group>";
			versionGroupType = wrapper.xcdatamodel;
		};
/* End XCVersionGroup section */
	};
	rootObject = D7CB32E5250696E3004F36DB /* Project object */;
}
